// !$*UTF8*$!
{
	archiveVersion = 1;
	classes = {
	};
	objectVersion = 48;
	objects = {

/* Begin PBXBuildFile section */
		06E6C3B118EEF36CDA3A9903 /* Pods_ServicesTests.framework in Frameworks */ = {isa = PBXBuildFile; fileRef = 97C7DC770E3C0122A4F99657 /* Pods_ServicesTests.framework */; };
		12276B042E702AA4F0D44CBE /* Pods_Services.framework in Frameworks */ = {isa = PBXBuildFile; fileRef = ABA715F50D46847EC7F3DCF9 /* Pods_Services.framework */; };
		64CEFDE2B873CBADBA33E366 /* Pods_ServicesUITests.framework in Frameworks */ = {isa = PBXBuildFile; fileRef = 725D141AE2E2788CBA3D463B /* Pods_ServicesUITests.framework */; };
		E734AB0A21187EDD006DBBE5 /* AppDelegate.swift in Sources */ = {isa = PBXBuildFile; fileRef = E734AB0921187EDD006DBBE5 /* AppDelegate.swift */; };
		E734AB0F21187EDD006DBBE5 /* Main.storyboard in Resources */ = {isa = PBXBuildFile; fileRef = E734AB0D21187EDD006DBBE5 /* Main.storyboard */; };
		E734AB1121187EDD006DBBE5 /* Assets.xcassets in Resources */ = {isa = PBXBuildFile; fileRef = E734AB1021187EDD006DBBE5 /* Assets.xcassets */; };
		E734AB1421187EDD006DBBE5 /* LaunchScreen.storyboard in Resources */ = {isa = PBXBuildFile; fileRef = E734AB1221187EDD006DBBE5 /* LaunchScreen.storyboard */; };
		E79C093321DDF96A001A7961 /* AppEntryScreen.swift in Sources */ = {isa = PBXBuildFile; fileRef = E79C093221DDF96A001A7961 /* AppEntryScreen.swift */; };
		E79C093521DDFE97001A7961 /* StudentDetail.swift in Sources */ = {isa = PBXBuildFile; fileRef = E79C093421DDFE97001A7961 /* StudentDetail.swift */; };
		E7F433D62119B6DF00D6F83D /* AppCell.swift in Sources */ = {isa = PBXBuildFile; fileRef = E7F433D52119B6DF00D6F83D /* AppCell.swift */; };
		E7F433DE2119D2DB00D6F83D /* ServicesSingleton.swift in Sources */ = {isa = PBXBuildFile; fileRef = E7F433DD2119D2DB00D6F83D /* ServicesSingleton.swift */; };
		E7F7A2AC2119656500DFEE13 /* AppData.swift in Sources */ = {isa = PBXBuildFile; fileRef = E7F7A2AB2119656500DFEE13 /* AppData.swift */; };
		E7F7A2AE211966C100DFEE13 /* AppsTVC.swift in Sources */ = {isa = PBXBuildFile; fileRef = E7F7A2AD211966C100DFEE13 /* AppsTVC.swift */; };
/* End PBXBuildFile section */

/* Begin PBXContainerItemProxy section */
		E734AB1B21187EDD006DBBE5 /* PBXContainerItemProxy */ = {
			isa = PBXContainerItemProxy;
			containerPortal = E734AAFE21187EDD006DBBE5 /* Project object */;
			proxyType = 1;
			remoteGlobalIDString = E734AB0521187EDD006DBBE5;
			remoteInfo = Services;
		};
		E734AB2621187EDD006DBBE5 /* PBXContainerItemProxy */ = {
			isa = PBXContainerItemProxy;
			containerPortal = E734AAFE21187EDD006DBBE5 /* Project object */;
			proxyType = 1;
			remoteGlobalIDString = E734AB0521187EDD006DBBE5;
			remoteInfo = Services;
		};
/* End PBXContainerItemProxy section */

/* Begin PBXFileReference section */
		1E1C4A69F05B320939A4B23E /* Pods-ServicesUITests.release.xcconfig */ = {isa = PBXFileReference; includeInIndex = 1; lastKnownFileType = text.xcconfig; name = "Pods-ServicesUITests.release.xcconfig"; path = "Pods/Target Support Files/Pods-ServicesUITests/Pods-ServicesUITests.release.xcconfig"; sourceTree = "<group>"; };
		654BFCF1ABE355FF30DB29EA /* Pods-Services.debug.xcconfig */ = {isa = PBXFileReference; includeInIndex = 1; lastKnownFileType = text.xcconfig; name = "Pods-Services.debug.xcconfig"; path = "Pods/Target Support Files/Pods-Services/Pods-Services.debug.xcconfig"; sourceTree = "<group>"; };
		725D141AE2E2788CBA3D463B /* Pods_ServicesUITests.framework */ = {isa = PBXFileReference; explicitFileType = wrapper.framework; includeInIndex = 0; path = Pods_ServicesUITests.framework; sourceTree = BUILT_PRODUCTS_DIR; };
		97C7DC770E3C0122A4F99657 /* Pods_ServicesTests.framework */ = {isa = PBXFileReference; explicitFileType = wrapper.framework; includeInIndex = 0; path = Pods_ServicesTests.framework; sourceTree = BUILT_PRODUCTS_DIR; };
		AB8F65C69D9A2AEEB440EE45 /* Pods-Services.release.xcconfig */ = {isa = PBXFileReference; includeInIndex = 1; lastKnownFileType = text.xcconfig; name = "Pods-Services.release.xcconfig"; path = "Pods/Target Support Files/Pods-Services/Pods-Services.release.xcconfig"; sourceTree = "<group>"; };
		ABA715F50D46847EC7F3DCF9 /* Pods_Services.framework */ = {isa = PBXFileReference; explicitFileType = wrapper.framework; includeInIndex = 0; path = Pods_Services.framework; sourceTree = BUILT_PRODUCTS_DIR; };
		C9DAAC0F3CEC2C9A58800101 /* Pods-ServicesTests.release.xcconfig */ = {isa = PBXFileReference; includeInIndex = 1; lastKnownFileType = text.xcconfig; name = "Pods-ServicesTests.release.xcconfig"; path = "Pods/Target Support Files/Pods-ServicesTests/Pods-ServicesTests.release.xcconfig"; sourceTree = "<group>"; };
		D0D3E40510AE284ECCBFC6DA /* Pods-ServicesTests.debug.xcconfig */ = {isa = PBXFileReference; includeInIndex = 1; lastKnownFileType = text.xcconfig; name = "Pods-ServicesTests.debug.xcconfig"; path = "Pods/Target Support Files/Pods-ServicesTests/Pods-ServicesTests.debug.xcconfig"; sourceTree = "<group>"; };
		E734AB0621187EDD006DBBE5 /* Services.app */ = {isa = PBXFileReference; explicitFileType = wrapper.application; includeInIndex = 0; path = Services.app; sourceTree = BUILT_PRODUCTS_DIR; };
		E734AB0921187EDD006DBBE5 /* AppDelegate.swift */ = {isa = PBXFileReference; lastKnownFileType = sourcecode.swift; path = AppDelegate.swift; sourceTree = "<group>"; };
		E734AB0E21187EDD006DBBE5 /* Base */ = {isa = PBXFileReference; lastKnownFileType = file.storyboard; name = Base; path = Base.lproj/Main.storyboard; sourceTree = "<group>"; };
		E734AB1021187EDD006DBBE5 /* Assets.xcassets */ = {isa = PBXFileReference; lastKnownFileType = folder.assetcatalog; path = Assets.xcassets; sourceTree = "<group>"; };
		E734AB1321187EDD006DBBE5 /* Base */ = {isa = PBXFileReference; lastKnownFileType = file.storyboard; name = Base; path = Base.lproj/LaunchScreen.storyboard; sourceTree = "<group>"; };
		E734AB1521187EDD006DBBE5 /* Info.plist */ = {isa = PBXFileReference; lastKnownFileType = text.plist.xml; path = Info.plist; sourceTree = "<group>"; };
		E734AB1A21187EDD006DBBE5 /* ServicesTests.xctest */ = {isa = PBXFileReference; explicitFileType = wrapper.cfbundle; includeInIndex = 0; path = ServicesTests.xctest; sourceTree = BUILT_PRODUCTS_DIR; };
		E734AB2521187EDD006DBBE5 /* ServicesUITests.xctest */ = {isa = PBXFileReference; explicitFileType = wrapper.cfbundle; includeInIndex = 0; path = ServicesUITests.xctest; sourceTree = BUILT_PRODUCTS_DIR; };
		E79C093221DDF96A001A7961 /* AppEntryScreen.swift */ = {isa = PBXFileReference; lastKnownFileType = sourcecode.swift; path = AppEntryScreen.swift; sourceTree = "<group>"; };
		E79C093421DDFE97001A7961 /* StudentDetail.swift */ = {isa = PBXFileReference; lastKnownFileType = sourcecode.swift; path = StudentDetail.swift; sourceTree = "<group>"; };
		E7F433D52119B6DF00D6F83D /* AppCell.swift */ = {isa = PBXFileReference; lastKnownFileType = sourcecode.swift; path = AppCell.swift; sourceTree = "<group>"; };
		E7F433DD2119D2DB00D6F83D /* ServicesSingleton.swift */ = {isa = PBXFileReference; lastKnownFileType = sourcecode.swift; path = ServicesSingleton.swift; sourceTree = "<group>"; };
		E7F7A2AB2119656500DFEE13 /* AppData.swift */ = {isa = PBXFileReference; lastKnownFileType = sourcecode.swift; path = AppData.swift; sourceTree = "<group>"; };
		E7F7A2AD211966C100DFEE13 /* AppsTVC.swift */ = {isa = PBXFileReference; lastKnownFileType = sourcecode.swift; path = AppsTVC.swift; sourceTree = "<group>"; };
		F210F14988997C64BA82CCD1 /* Pods-ServicesUITests.debug.xcconfig */ = {isa = PBXFileReference; includeInIndex = 1; lastKnownFileType = text.xcconfig; name = "Pods-ServicesUITests.debug.xcconfig"; path = "Pods/Target Support Files/Pods-ServicesUITests/Pods-ServicesUITests.debug.xcconfig"; sourceTree = "<group>"; };
/* End PBXFileReference section */

/* Begin PBXFrameworksBuildPhase section */
		E734AB0321187EDD006DBBE5 /* Frameworks */ = {
			isa = PBXFrameworksBuildPhase;
			buildActionMask = 2147483647;
			files = (
				12276B042E702AA4F0D44CBE /* Pods_Services.framework in Frameworks */,
			);
			runOnlyForDeploymentPostprocessing = 0;
		};
		E734AB1721187EDD006DBBE5 /* Frameworks */ = {
			isa = PBXFrameworksBuildPhase;
			buildActionMask = 2147483647;
			files = (
				06E6C3B118EEF36CDA3A9903 /* Pods_ServicesTests.framework in Frameworks */,
			);
			runOnlyForDeploymentPostprocessing = 0;
		};
		E734AB2221187EDD006DBBE5 /* Frameworks */ = {
			isa = PBXFrameworksBuildPhase;
			buildActionMask = 2147483647;
			files = (
				64CEFDE2B873CBADBA33E366 /* Pods_ServicesUITests.framework in Frameworks */,
			);
			runOnlyForDeploymentPostprocessing = 0;
		};
/* End PBXFrameworksBuildPhase section */

/* Begin PBXGroup section */
		0A98556016EACCAB47646B2A /* Frameworks */ = {
			isa = PBXGroup;
			children = (
				ABA715F50D46847EC7F3DCF9 /* Pods_Services.framework */,
				97C7DC770E3C0122A4F99657 /* Pods_ServicesTests.framework */,
				725D141AE2E2788CBA3D463B /* Pods_ServicesUITests.framework */,
			);
			name = Frameworks;
			sourceTree = "<group>";
		};
		872740ED9429AB2CB2CB2800 /* Pods */ = {
			isa = PBXGroup;
			children = (
				654BFCF1ABE355FF30DB29EA /* Pods-Services.debug.xcconfig */,
				AB8F65C69D9A2AEEB440EE45 /* Pods-Services.release.xcconfig */,
				D0D3E40510AE284ECCBFC6DA /* Pods-ServicesTests.debug.xcconfig */,
				C9DAAC0F3CEC2C9A58800101 /* Pods-ServicesTests.release.xcconfig */,
				F210F14988997C64BA82CCD1 /* Pods-ServicesUITests.debug.xcconfig */,
				1E1C4A69F05B320939A4B23E /* Pods-ServicesUITests.release.xcconfig */,
			);
			name = Pods;
			sourceTree = "<group>";
		};
		E734AAFD21187EDD006DBBE5 = {
			isa = PBXGroup;
			children = (
				E734AB0821187EDD006DBBE5 /* Services */,
				E734AB0721187EDD006DBBE5 /* Products */,
				872740ED9429AB2CB2CB2800 /* Pods */,
				0A98556016EACCAB47646B2A /* Frameworks */,
			);
			sourceTree = "<group>";
		};
		E734AB0721187EDD006DBBE5 /* Products */ = {
			isa = PBXGroup;
			children = (
				E734AB0621187EDD006DBBE5 /* Services.app */,
				E734AB1A21187EDD006DBBE5 /* ServicesTests.xctest */,
				E734AB2521187EDD006DBBE5 /* ServicesUITests.xctest */,
			);
			name = Products;
			sourceTree = "<group>";
		};
		E734AB0821187EDD006DBBE5 /* Services */ = {
			isa = PBXGroup;
			children = (
				E7F433DF2119DDBC00D6F83D /* Services */,
				E7F433DA2119C54D00D6F83D /* Resources */,
				E7F433D92119C52400D6F83D /* Controllers */,
				E7F433D82119C51F00D6F83D /* Views */,
				E7F433D72119C51200D6F83D /* Models */,
				E734AB0921187EDD006DBBE5 /* AppDelegate.swift */,
				E734AB1521187EDD006DBBE5 /* Info.plist */,
			);
			path = Services;
			sourceTree = "<group>";
		};
		E7F433D72119C51200D6F83D /* Models */ = {
			isa = PBXGroup;
			children = (
				E7F7A2AB2119656500DFEE13 /* AppData.swift */,
			);
			path = Models;
			sourceTree = "<group>";
		};
		E7F433D82119C51F00D6F83D /* Views */ = {
			isa = PBXGroup;
			children = (
				E734AB0D21187EDD006DBBE5 /* Main.storyboard */,
				E734AB1221187EDD006DBBE5 /* LaunchScreen.storyboard */,
			);
			path = Views;
			sourceTree = "<group>";
		};
		E7F433D92119C52400D6F83D /* Controllers */ = {
			isa = PBXGroup;
			children = (
				E7F7A2AD211966C100DFEE13 /* AppsTVC.swift */,
				E7F433D52119B6DF00D6F83D /* AppCell.swift */,
				E79C093221DDF96A001A7961 /* AppEntryScreen.swift */,
				E79C093421DDFE97001A7961 /* StudentDetail.swift */,
			);
			path = Controllers;
			sourceTree = "<group>";
		};
		E7F433DA2119C54D00D6F83D /* Resources */ = {
			isa = PBXGroup;
			children = (
				E734AB1021187EDD006DBBE5 /* Assets.xcassets */,
			);
			path = Resources;
			sourceTree = "<group>";
		};
		E7F433DF2119DDBC00D6F83D /* Services */ = {
			isa = PBXGroup;
			children = (
				E7F433DD2119D2DB00D6F83D /* ServicesSingleton.swift */,
			);
			path = Services;
			sourceTree = "<group>";
		};
/* End PBXGroup section */

/* Begin PBXNativeTarget section */
		E734AB0521187EDD006DBBE5 /* Services */ = {
			isa = PBXNativeTarget;
			buildConfigurationList = E734AB2E21187EDE006DBBE5 /* Build configuration list for PBXNativeTarget "Services" */;
			buildPhases = (
				3666ABD93C589F9419F10542 /* [CP] Check Pods Manifest.lock */,
				E734AB0221187EDD006DBBE5 /* Sources */,
				E734AB0321187EDD006DBBE5 /* Frameworks */,
				E734AB0421187EDD006DBBE5 /* Resources */,
				FD6D9F5BC41FD560AB3540E8 /* [CP] Embed Pods Frameworks */,
			);
			buildRules = (
			);
			dependencies = (
			);
			name = Services;
			productName = Services;
			productReference = E734AB0621187EDD006DBBE5 /* Services.app */;
			productType = "com.apple.product-type.application";
		};
		E734AB1921187EDD006DBBE5 /* ServicesTests */ = {
			isa = PBXNativeTarget;
			buildConfigurationList = E734AB3121187EDE006DBBE5 /* Build configuration list for PBXNativeTarget "ServicesTests" */;
			buildPhases = (
				54AB32E8D441AF857C107958 /* [CP] Check Pods Manifest.lock */,
				E734AB1621187EDD006DBBE5 /* Sources */,
				E734AB1721187EDD006DBBE5 /* Frameworks */,
				E734AB1821187EDD006DBBE5 /* Resources */,
			);
			buildRules = (
			);
			dependencies = (
				E734AB1C21187EDD006DBBE5 /* PBXTargetDependency */,
			);
			name = ServicesTests;
			productName = ServicesTests;
			productReference = E734AB1A21187EDD006DBBE5 /* ServicesTests.xctest */;
			productType = "com.apple.product-type.bundle.unit-test";
		};
		E734AB2421187EDD006DBBE5 /* ServicesUITests */ = {
			isa = PBXNativeTarget;
			buildConfigurationList = E734AB3421187EDE006DBBE5 /* Build configuration list for PBXNativeTarget "ServicesUITests" */;
			buildPhases = (
				8D01206F7843ACA5D7E980DD /* [CP] Check Pods Manifest.lock */,
				E734AB2121187EDD006DBBE5 /* Sources */,
				E734AB2221187EDD006DBBE5 /* Frameworks */,
				E734AB2321187EDD006DBBE5 /* Resources */,
			);
			buildRules = (
			);
			dependencies = (
				E734AB2721187EDD006DBBE5 /* PBXTargetDependency */,
			);
			name = ServicesUITests;
			productName = ServicesUITests;
			productReference = E734AB2521187EDD006DBBE5 /* ServicesUITests.xctest */;
			productType = "com.apple.product-type.bundle.ui-testing";
		};
/* End PBXNativeTarget section */

/* Begin PBXProject section */
		E734AAFE21187EDD006DBBE5 /* Project object */ = {
			isa = PBXProject;
			attributes = {
				LastSwiftUpdateCheck = 0920;
				LastUpgradeCheck = 1010;
				ORGANIZATIONNAME = MB;
				TargetAttributes = {
					E734AB0521187EDD006DBBE5 = {
						CreatedOnToolsVersion = 9.2;
						LastSwiftMigration = 1010;
						ProvisioningStyle = Manual;
					};
					E734AB1921187EDD006DBBE5 = {
						CreatedOnToolsVersion = 9.2;
						LastSwiftMigration = 1010;
						ProvisioningStyle = Automatic;
						TestTargetID = E734AB0521187EDD006DBBE5;
					};
					E734AB2421187EDD006DBBE5 = {
						CreatedOnToolsVersion = 9.2;
						LastSwiftMigration = 1010;
						ProvisioningStyle = Automatic;
						TestTargetID = E734AB0521187EDD006DBBE5;
					};
				};
			};
			buildConfigurationList = E734AB0121187EDD006DBBE5 /* Build configuration list for PBXProject "Services" */;
			compatibilityVersion = "Xcode 8.0";
			developmentRegion = en;
			hasScannedForEncodings = 0;
			knownRegions = (
				en,
				Base,
			);
			mainGroup = E734AAFD21187EDD006DBBE5;
			productRefGroup = E734AB0721187EDD006DBBE5 /* Products */;
			projectDirPath = "";
			projectRoot = "";
			targets = (
				E734AB0521187EDD006DBBE5 /* Services */,
				E734AB1921187EDD006DBBE5 /* ServicesTests */,
				E734AB2421187EDD006DBBE5 /* ServicesUITests */,
			);
		};
/* End PBXProject section */

/* Begin PBXResourcesBuildPhase section */
		E734AB0421187EDD006DBBE5 /* Resources */ = {
			isa = PBXResourcesBuildPhase;
			buildActionMask = 2147483647;
			files = (
				E734AB1421187EDD006DBBE5 /* LaunchScreen.storyboard in Resources */,
				E734AB1121187EDD006DBBE5 /* Assets.xcassets in Resources */,
				E734AB0F21187EDD006DBBE5 /* Main.storyboard in Resources */,
			);
			runOnlyForDeploymentPostprocessing = 0;
		};
		E734AB1821187EDD006DBBE5 /* Resources */ = {
			isa = PBXResourcesBuildPhase;
			buildActionMask = 2147483647;
			files = (
			);
			runOnlyForDeploymentPostprocessing = 0;
		};
		E734AB2321187EDD006DBBE5 /* Resources */ = {
			isa = PBXResourcesBuildPhase;
			buildActionMask = 2147483647;
			files = (
			);
			runOnlyForDeploymentPostprocessing = 0;
		};
/* End PBXResourcesBuildPhase section */

/* Begin PBXShellScriptBuildPhase section */
		3666ABD93C589F9419F10542 /* [CP] Check Pods Manifest.lock */ = {
			isa = PBXShellScriptBuildPhase;
			buildActionMask = 2147483647;
			files = (
			);
			inputPaths = (
				"${PODS_PODFILE_DIR_PATH}/Podfile.lock",
				"${PODS_ROOT}/Manifest.lock",
			);
			name = "[CP] Check Pods Manifest.lock";
			outputPaths = (
				"$(DERIVED_FILE_DIR)/Pods-Services-checkManifestLockResult.txt",
			);
			runOnlyForDeploymentPostprocessing = 0;
			shellPath = /bin/sh;
			shellScript = "diff \"${PODS_PODFILE_DIR_PATH}/Podfile.lock\" \"${PODS_ROOT}/Manifest.lock\" > /dev/null\nif [ $? != 0 ] ; then\n    # print error to STDERR\n    echo \"error: The sandbox is not in sync with the Podfile.lock. Run 'pod install' or update your CocoaPods installation.\" >&2\n    exit 1\nfi\n# This output is used by Xcode 'outputs' to avoid re-running this script phase.\necho \"SUCCESS\" > \"${SCRIPT_OUTPUT_FILE_0}\"\n";
			showEnvVarsInLog = 0;
		};
		54AB32E8D441AF857C107958 /* [CP] Check Pods Manifest.lock */ = {
			isa = PBXShellScriptBuildPhase;
			buildActionMask = 2147483647;
			files = (
			);
			inputPaths = (
				"${PODS_PODFILE_DIR_PATH}/Podfile.lock",
				"${PODS_ROOT}/Manifest.lock",
			);
			name = "[CP] Check Pods Manifest.lock";
			outputPaths = (
				"$(DERIVED_FILE_DIR)/Pods-ServicesTests-checkManifestLockResult.txt",
			);
			runOnlyForDeploymentPostprocessing = 0;
			shellPath = /bin/sh;
			shellScript = "diff \"${PODS_PODFILE_DIR_PATH}/Podfile.lock\" \"${PODS_ROOT}/Manifest.lock\" > /dev/null\nif [ $? != 0 ] ; then\n    # print error to STDERR\n    echo \"error: The sandbox is not in sync with the Podfile.lock. Run 'pod install' or update your CocoaPods installation.\" >&2\n    exit 1\nfi\n# This output is used by Xcode 'outputs' to avoid re-running this script phase.\necho \"SUCCESS\" > \"${SCRIPT_OUTPUT_FILE_0}\"\n";
			showEnvVarsInLog = 0;
		};
		8D01206F7843ACA5D7E980DD /* [CP] Check Pods Manifest.lock */ = {
			isa = PBXShellScriptBuildPhase;
			buildActionMask = 2147483647;
			files = (
			);
			inputPaths = (
				"${PODS_PODFILE_DIR_PATH}/Podfile.lock",
				"${PODS_ROOT}/Manifest.lock",
			);
			name = "[CP] Check Pods Manifest.lock";
			outputPaths = (
				"$(DERIVED_FILE_DIR)/Pods-ServicesUITests-checkManifestLockResult.txt",
			);
			runOnlyForDeploymentPostprocessing = 0;
			shellPath = /bin/sh;
			shellScript = "diff \"${PODS_PODFILE_DIR_PATH}/Podfile.lock\" \"${PODS_ROOT}/Manifest.lock\" > /dev/null\nif [ $? != 0 ] ; then\n    # print error to STDERR\n    echo \"error: The sandbox is not in sync with the Podfile.lock. Run 'pod install' or update your CocoaPods installation.\" >&2\n    exit 1\nfi\n# This output is used by Xcode 'outputs' to avoid re-running this script phase.\necho \"SUCCESS\" > \"${SCRIPT_OUTPUT_FILE_0}\"\n";
			showEnvVarsInLog = 0;
		};
		FD6D9F5BC41FD560AB3540E8 /* [CP] Embed Pods Frameworks */ = {
			isa = PBXShellScriptBuildPhase;
			buildActionMask = 2147483647;
			files = (
			);
			inputPaths = (
				"${SRCROOT}/Pods/Target Support Files/Pods-Services/Pods-Services-frameworks.sh",
				"${BUILT_PRODUCTS_DIR}/Kingfisher/Kingfisher.framework",
			);
			name = "[CP] Embed Pods Frameworks";
			outputPaths = (
				"${TARGET_BUILD_DIR}/${FRAMEWORKS_FOLDER_PATH}/Kingfisher.framework",
			);
			runOnlyForDeploymentPostprocessing = 0;
			shellPath = /bin/sh;
			shellScript = "\"${SRCROOT}/Pods/Target Support Files/Pods-Services/Pods-Services-frameworks.sh\"\n";
			showEnvVarsInLog = 0;
		};
/* End PBXShellScriptBuildPhase section */

/* Begin PBXSourcesBuildPhase section */
		E734AB0221187EDD006DBBE5 /* Sources */ = {
			isa = PBXSourcesBuildPhase;
			buildActionMask = 2147483647;
			files = (
				E79C093321DDF96A001A7961 /* AppEntryScreen.swift in Sources */,
				E7F433DE2119D2DB00D6F83D /* ServicesSingleton.swift in Sources */,
				E79C093521DDFE97001A7961 /* StudentDetail.swift in Sources */,
				E7F7A2AE211966C100DFEE13 /* AppsTVC.swift in Sources */,
				E7F433D62119B6DF00D6F83D /* AppCell.swift in Sources */,
				E7F7A2AC2119656500DFEE13 /* AppData.swift in Sources */,
				E734AB0A21187EDD006DBBE5 /* AppDelegate.swift in Sources */,
			);
			runOnlyForDeploymentPostprocessing = 0;
		};
		E734AB1621187EDD006DBBE5 /* Sources */ = {
			isa = PBXSourcesBuildPhase;
			buildActionMask = 2147483647;
			files = (
			);
			runOnlyForDeploymentPostprocessing = 0;
		};
		E734AB2121187EDD006DBBE5 /* Sources */ = {
			isa = PBXSourcesBuildPhase;
			buildActionMask = 2147483647;
			files = (
			);
			runOnlyForDeploymentPostprocessing = 0;
		};
/* End PBXSourcesBuildPhase section */

/* Begin PBXTargetDependency section */
		E734AB1C21187EDD006DBBE5 /* PBXTargetDependency */ = {
			isa = PBXTargetDependency;
			target = E734AB0521187EDD006DBBE5 /* Services */;
			targetProxy = E734AB1B21187EDD006DBBE5 /* PBXContainerItemProxy */;
		};
		E734AB2721187EDD006DBBE5 /* PBXTargetDependency */ = {
			isa = PBXTargetDependency;
			target = E734AB0521187EDD006DBBE5 /* Services */;
			targetProxy = E734AB2621187EDD006DBBE5 /* PBXContainerItemProxy */;
		};
/* End PBXTargetDependency section */

/* Begin PBXVariantGroup section */
		E734AB0D21187EDD006DBBE5 /* Main.storyboard */ = {
			isa = PBXVariantGroup;
			children = (
				E734AB0E21187EDD006DBBE5 /* Base */,
			);
			name = Main.storyboard;
			sourceTree = "<group>";
		};
		E734AB1221187EDD006DBBE5 /* LaunchScreen.storyboard */ = {
			isa = PBXVariantGroup;
			children = (
				E734AB1321187EDD006DBBE5 /* Base */,
			);
			name = LaunchScreen.storyboard;
			sourceTree = "<group>";
		};
/* End PBXVariantGroup section */

/* Begin XCBuildConfiguration section */
		E734AB2C21187EDE006DBBE5 /* Debug */ = {
			isa = XCBuildConfiguration;
			buildSettings = {
				ALWAYS_SEARCH_USER_PATHS = NO;
				CLANG_ANALYZER_NONNULL = YES;
				CLANG_ANALYZER_NUMBER_OBJECT_CONVERSION = YES_AGGRESSIVE;
				CLANG_CXX_LANGUAGE_STANDARD = "gnu++14";
				CLANG_CXX_LIBRARY = "libc++";
				CLANG_ENABLE_MODULES = YES;
				CLANG_ENABLE_OBJC_ARC = YES;
				CLANG_WARN_BLOCK_CAPTURE_AUTORELEASING = YES;
				CLANG_WARN_BOOL_CONVERSION = YES;
				CLANG_WARN_COMMA = YES;
				CLANG_WARN_CONSTANT_CONVERSION = YES;
				CLANG_WARN_DEPRECATED_OBJC_IMPLEMENTATIONS = YES;
				CLANG_WARN_DIRECT_OBJC_ISA_USAGE = YES_ERROR;
				CLANG_WARN_DOCUMENTATION_COMMENTS = YES;
				CLANG_WARN_EMPTY_BODY = YES;
				CLANG_WARN_ENUM_CONVERSION = YES;
				CLANG_WARN_INFINITE_RECURSION = YES;
				CLANG_WARN_INT_CONVERSION = YES;
				CLANG_WARN_NON_LITERAL_NULL_CONVERSION = YES;
				CLANG_WARN_OBJC_IMPLICIT_RETAIN_SELF = YES;
				CLANG_WARN_OBJC_LITERAL_CONVERSION = YES;
				CLANG_WARN_OBJC_ROOT_CLASS = YES_ERROR;
				CLANG_WARN_RANGE_LOOP_ANALYSIS = YES;
				CLANG_WARN_STRICT_PROTOTYPES = YES;
				CLANG_WARN_SUSPICIOUS_MOVE = YES;
				CLANG_WARN_UNGUARDED_AVAILABILITY = YES_AGGRESSIVE;
				CLANG_WARN_UNREACHABLE_CODE = YES;
				CLANG_WARN__DUPLICATE_METHOD_MATCH = YES;
				CODE_SIGN_IDENTITY = "iPhone Developer";
				COPY_PHASE_STRIP = NO;
				DEBUG_INFORMATION_FORMAT = dwarf;
				ENABLE_STRICT_OBJC_MSGSEND = YES;
				ENABLE_TESTABILITY = YES;
				GCC_C_LANGUAGE_STANDARD = gnu11;
				GCC_DYNAMIC_NO_PIC = NO;
				GCC_NO_COMMON_BLOCKS = YES;
				GCC_OPTIMIZATION_LEVEL = 0;
				GCC_PREPROCESSOR_DEFINITIONS = (
					"DEBUG=1",
					"$(inherited)",
				);
				GCC_WARN_64_TO_32_BIT_CONVERSION = YES;
				GCC_WARN_ABOUT_RETURN_TYPE = YES_ERROR;
				GCC_WARN_UNDECLARED_SELECTOR = YES;
				GCC_WARN_UNINITIALIZED_AUTOS = YES_AGGRESSIVE;
				GCC_WARN_UNUSED_FUNCTION = YES;
				GCC_WARN_UNUSED_VARIABLE = YES;
				IPHONEOS_DEPLOYMENT_TARGET = 11.2;
				MTL_ENABLE_DEBUG_INFO = YES;
				ONLY_ACTIVE_ARCH = YES;
				SDKROOT = iphoneos;
				SWIFT_ACTIVE_COMPILATION_CONDITIONS = DEBUG;
				SWIFT_OPTIMIZATION_LEVEL = "-Onone";
			};
			name = Debug;
		};
		E734AB2D21187EDE006DBBE5 /* Release */ = {
			isa = XCBuildConfiguration;
			buildSettings = {
				ALWAYS_SEARCH_USER_PATHS = NO;
				CLANG_ANALYZER_NONNULL = YES;
				CLANG_ANALYZER_NUMBER_OBJECT_CONVERSION = YES_AGGRESSIVE;
				CLANG_CXX_LANGUAGE_STANDARD = "gnu++14";
				CLANG_CXX_LIBRARY = "libc++";
				CLANG_ENABLE_MODULES = YES;
				CLANG_ENABLE_OBJC_ARC = YES;
				CLANG_WARN_BLOCK_CAPTURE_AUTORELEASING = YES;
				CLANG_WARN_BOOL_CONVERSION = YES;
				CLANG_WARN_COMMA = YES;
				CLANG_WARN_CONSTANT_CONVERSION = YES;
				CLANG_WARN_DEPRECATED_OBJC_IMPLEMENTATIONS = YES;
				CLANG_WARN_DIRECT_OBJC_ISA_USAGE = YES_ERROR;
				CLANG_WARN_DOCUMENTATION_COMMENTS = YES;
				CLANG_WARN_EMPTY_BODY = YES;
				CLANG_WARN_ENUM_CONVERSION = YES;
				CLANG_WARN_INFINITE_RECURSION = YES;
				CLANG_WARN_INT_CONVERSION = YES;
				CLANG_WARN_NON_LITERAL_NULL_CONVERSION = YES;
				CLANG_WARN_OBJC_IMPLICIT_RETAIN_SELF = YES;
				CLANG_WARN_OBJC_LITERAL_CONVERSION = YES;
				CLANG_WARN_OBJC_ROOT_CLASS = YES_ERROR;
				CLANG_WARN_RANGE_LOOP_ANALYSIS = YES;
				CLANG_WARN_STRICT_PROTOTYPES = YES;
				CLANG_WARN_SUSPICIOUS_MOVE = YES;
				CLANG_WARN_UNGUARDED_AVAILABILITY = YES_AGGRESSIVE;
				CLANG_WARN_UNREACHABLE_CODE = YES;
				CLANG_WARN__DUPLICATE_METHOD_MATCH = YES;
				CODE_SIGN_IDENTITY = "iPhone Developer";
				COPY_PHASE_STRIP = NO;
				DEBUG_INFORMATION_FORMAT = "dwarf-with-dsym";
				ENABLE_NS_ASSERTIONS = NO;
				ENABLE_STRICT_OBJC_MSGSEND = YES;
				GCC_C_LANGUAGE_STANDARD = gnu11;
				GCC_NO_COMMON_BLOCKS = YES;
				GCC_WARN_64_TO_32_BIT_CONVERSION = YES;
				GCC_WARN_ABOUT_RETURN_TYPE = YES_ERROR;
				GCC_WARN_UNDECLARED_SELECTOR = YES;
				GCC_WARN_UNINITIALIZED_AUTOS = YES_AGGRESSIVE;
				GCC_WARN_UNUSED_FUNCTION = YES;
				GCC_WARN_UNUSED_VARIABLE = YES;
				IPHONEOS_DEPLOYMENT_TARGET = 11.2;
				MTL_ENABLE_DEBUG_INFO = NO;
				SDKROOT = iphoneos;
				SWIFT_OPTIMIZATION_LEVEL = "-Owholemodule";
				VALIDATE_PRODUCT = YES;
			};
			name = Release;
		};
		E734AB2F21187EDE006DBBE5 /* Debug */ = {
			isa = XCBuildConfiguration;
			baseConfigurationReference = 654BFCF1ABE355FF30DB29EA /* Pods-Services.debug.xcconfig */;
			buildSettings = {
				ASSETCATALOG_COMPILER_APPICON_NAME = AppIcon;
				CODE_SIGN_STYLE = Manual;
				DEVELOPMENT_TEAM = "";
				INFOPLIST_FILE = Services/Info.plist;
				IPHONEOS_DEPLOYMENT_TARGET = 10.3;
				LD_RUNPATH_SEARCH_PATHS = "$(inherited) @executable_path/Frameworks";
				PRODUCT_BUNDLE_IDENTIFIER = com.demos.Services;
				PRODUCT_NAME = "$(TARGET_NAME)";
				PROVISIONING_PROFILE_SPECIFIER = "";
				SWIFT_VERSION = 4.2;
				TARGETED_DEVICE_FAMILY = "1,2";
			};
			name = Debug;
		};
		E734AB3021187EDE006DBBE5 /* Release */ = {
			isa = XCBuildConfiguration;
			baseConfigurationReference = AB8F65C69D9A2AEEB440EE45 /* Pods-Services.release.xcconfig */;
			buildSettings = {
				ASSETCATALOG_COMPILER_APPICON_NAME = AppIcon;
				CODE_SIGN_STYLE = Manual;
				DEVELOPMENT_TEAM = "";
				INFOPLIST_FILE = Services/Info.plist;
				IPHONEOS_DEPLOYMENT_TARGET = 10.3;
				LD_RUNPATH_SEARCH_PATHS = "$(inherited) @executable_path/Frameworks";
				PRODUCT_BUNDLE_IDENTIFIER = com.demos.Services;
				PRODUCT_NAME = "$(TARGET_NAME)";
				PROVISIONING_PROFILE_SPECIFIER = "";
				SWIFT_VERSION = 4.2;
				TARGETED_DEVICE_FAMILY = "1,2";
			};
			name = Release;
		};
		E734AB3221187EDE006DBBE5 /* Debug */ = {
			isa = XCBuildConfiguration;
			baseConfigurationReference = D0D3E40510AE284ECCBFC6DA /* Pods-ServicesTests.debug.xcconfig */;
			buildSettings = {
				ALWAYS_EMBED_SWIFT_STANDARD_LIBRARIES = YES;
				BUNDLE_LOADER = "$(TEST_HOST)";
				CODE_SIGN_STYLE = Automatic;
				INFOPLIST_FILE = ServicesTests/Info.plist;
				LD_RUNPATH_SEARCH_PATHS = "$(inherited) @executable_path/Frameworks @loader_path/Frameworks";
				PRODUCT_BUNDLE_IDENTIFIER = com.demos.ServicesTests;
				PRODUCT_NAME = "$(TARGET_NAME)";
				SWIFT_VERSION = 4.2;
				TARGETED_DEVICE_FAMILY = "1,2";
				TEST_HOST = "$(BUILT_PRODUCTS_DIR)/Services.app/Services";
			};
			name = Debug;
		};
		E734AB3321187EDE006DBBE5 /* Release */ = {
			isa = XCBuildConfiguration;
			baseConfigurationReference = C9DAAC0F3CEC2C9A58800101 /* Pods-ServicesTests.release.xcconfig */;
			buildSettings = {
				ALWAYS_EMBED_SWIFT_STANDARD_LIBRARIES = YES;
				BUNDLE_LOADER = "$(TEST_HOST)";
				CODE_SIGN_STYLE = Automatic;
				INFOPLIST_FILE = ServicesTests/Info.plist;
				LD_RUNPATH_SEARCH_PATHS = "$(inherited) @executable_path/Frameworks @loader_path/Frameworks";
				PRODUCT_BUNDLE_IDENTIFIER = com.demos.ServicesTests;
				PRODUCT_NAME = "$(TARGET_NAME)";
				SWIFT_VERSION = 4.2;
				TARGETED_DEVICE_FAMILY = "1,2";
				TEST_HOST = "$(BUILT_PRODUCTS_DIR)/Services.app/Services";
			};
			name = Release;
		};
		E734AB3521187EDE006DBBE5 /* Debug */ = {
			isa = XCBuildConfiguration;
			baseConfigurationReference = F210F14988997C64BA82CCD1 /* Pods-ServicesUITests.debug.xcconfig */;
			buildSettings = {
				ALWAYS_EMBED_SWIFT_STANDARD_LIBRARIES = YES;
				CODE_SIGN_STYLE = Automatic;
				INFOPLIST_FILE = ServicesUITests/Info.plist;
				LD_RUNPATH_SEARCH_PATHS = "$(inherited) @executable_path/Frameworks @loader_path/Frameworks";
				PRODUCT_BUNDLE_IDENTIFIER = com.demos.ServicesUITests;
				PRODUCT_NAME = "$(TARGET_NAME)";
				SWIFT_VERSION = 4.2;
				TARGETED_DEVICE_FAMILY = "1,2";
				TEST_TARGET_NAME = Services;
			};
			name = Debug;
		};
		E734AB3621187EDE006DBBE5 /* Release */ = {
			isa = XCBuildConfiguration;
			baseConfigurationReference = 1E1C4A69F05B320939A4B23E /* Pods-ServicesUITests.release.xcconfig */;
			buildSettings = {
				ALWAYS_EMBED_SWIFT_STANDARD_LIBRARIES = YES;
				CODE_SIGN_STYLE = Automatic;
				INFOPLIST_FILE = ServicesUITests/Info.plist;
				LD_RUNPATH_SEARCH_PATHS = "$(inherited) @executable_path/Frameworks @loader_path/Frameworks";
				PRODUCT_BUNDLE_IDENTIFIER = com.demos.ServicesUITests;
				PRODUCT_NAME = "$(TARGET_NAME)";
				SWIFT_VERSION = 4.2;
				TARGETED_DEVICE_FAMILY = "1,2";
				TEST_TARGET_NAME = Services;
			};
			name = Release;
		};
/* End XCBuildConfiguration section */

/* Begin XCConfigurationList section */
		E734AB0121187EDD006DBBE5 /* Build configuration list for PBXProject "Services" */ = {
			isa = XCConfigurationList;
			buildConfigurations = (
				E734AB2C21187EDE006DBBE5 /* Debug */,
				E734AB2D21187EDE006DBBE5 /* Release */,
			);
			defaultConfigurationIsVisible = 0;
			defaultConfigurationName = Release;
		};
		E734AB2E21187EDE006DBBE5 /* Build configuration list for PBXNativeTarget "Services" */ = {
			isa = XCConfigurationList;
			buildConfigurations = (
				E734AB2F21187EDE006DBBE5 /* Debug */,
				E734AB3021187EDE006DBBE5 /* Release */,
			);
			defaultConfigurationIsVisible = 0;
			defaultConfigurationName = Release;
		};
		E734AB3121187EDE006DBBE5 /* Build configuration list for PBXNativeTarget "ServicesTests" */ = {
			isa = XCConfigurationList;
			buildConfigurations = (
				E734AB3221187EDE006DBBE5 /* Debug */,
				E734AB3321187EDE006DBBE5 /* Release */,
			);
			defaultConfigurationIsVisible = 0;
			defaultConfigurationName = Release;
		};
		E734AB3421187EDE006DBBE5 /* Build configuration list for PBXNativeTarget "ServicesUITests" */ = {
			isa = XCConfigurationList;
			buildConfigurations = (
				E734AB3521187EDE006DBBE5 /* Debug */,
				E734AB3621187EDE006DBBE5 /* Release */,
			);
			defaultConfigurationIsVisible = 0;
			defaultConfigurationName = Release;
		};
/* End XCConfigurationList section */
	};
	rootObject = E734AAFE21187EDD006DBBE5 /* Project object */;
}
